
Microsoft Visual Studio Solution File, Format Version 12.00
# Visual Studio Version 16
VisualStudioVersion = 16.0.30406.217
MinimumVisualStudioVersion = 10.0.40219.1
Project("{FAE04EC0-301F-11D3-BF4B-00C04F79EFBC}") = "app", "app\app.csproj", "{2D2105B2-DD9E-4CCD-A0A4-28242390DADB}"
EndProject
Project("{FAE04EC0-301F-11D3-BF4B-00C04F79EFBC}") = "domain", "domain\domain.csproj", "{57249097-3604-4BA9-97FB-339503A8F1E3}"
EndProject
Project("{FAE04EC0-301F-11D3-BF4B-00C04F79EFBC}") = "repository", "repository\repository.csproj", "{180F7126-1C88-4867-9280-8ADEBB8387B8}"
EndProject
Project("{FAE04EC0-301F-11D3-BF4B-00C04F79EFBC}") = "service", "service\service.csproj", "{3E8AE8A7-D949-4E9A-A1F4-8BA0D0682E0A}"
EndProject
Project("{FAE04EC0-301F-11D3-BF4B-00C04F79EFBC}") = "test", "test\test.csproj", "{174CCBAD-BECE-46F9-8D89-F129521820E8}"
EndProject
Global
	GlobalSection(SolutionConfigurationPlatforms) = preSolution
		Debug|Any CPU = Debug|Any CPU
		Release|Any CPU = Release|Any CPU
	EndGlobalSection
	GlobalSection(ProjectConfigurationPlatforms) = postSolution
		{2D2105B2-DD9E-4CCD-A0A4-28242390DADB}.Debug|Any CPU.ActiveCfg = Debug|Any CPU
		{2D2105B2-DD9E-4CCD-A0A4-28242390DADB}.Debug|Any CPU.Build.0 = Debug|Any CPU
		{2D2105B2-DD9E-4CCD-A0A4-28242390DADB}.Release|Any CPU.ActiveCfg = Release|Any CPU
		{2D2105B2-DD9E-4CCD-A0A4-28242390DADB}.Release|Any CPU.Build.0 = Release|Any CPU
		{57249097-3604-4BA9-97FB-339503A8F1E3}.Debug|Any CPU.ActiveCfg = Debug|Any CPU
		{57249097-3604-4BA9-97FB-339503A8F1E3}.Debug|Any CPU.Build.0 = Debug|Any CPU
		{57249097-3604-4BA9-97FB-339503A8F1E3}.Release|Any CPU.ActiveCfg = Release|Any CPU
		{57249097-3604-4BA9-97FB-339503A8F1E3}.Release|Any CPU.Build.0 = Release|Any CPU
		{180F7126-1C88-4867-9280-8ADEBB8387B8}.Debug|Any CPU.ActiveCfg = Debug|Any CPU
		{180F7126-1C88-4867-9280-8ADEBB8387B8}.Debug|Any CPU.Build.0 = Debug|Any CPU
		{180F7126-1C88-4867-9280-8ADEBB8387B8}.Release|Any CPU.ActiveCfg = Release|Any CPU
		{180F7126-1C88-4867-9280-8ADEBB8387B8}.Release|Any CPU.Build.0 = Release|Any CPU
		{3E8AE8A7-D949-4E9A-A1F4-8BA0D0682E0A}.Debug|Any CPU.ActiveCfg = Debug|Any CPU
		{3E8AE8A7-D949-4E9A-A1F4-8BA0D0682E0A}.Debug|Any CPU.Build.0 = Debug|Any CPU
		{3E8AE8A7-D949-4E9A-A1F4-8BA0D0682E0A}.Release|Any CPU.ActiveCfg = Release|Any CPU
		{3E8AE8A7-D949-4E9A-A1F4-8BA0D0682E0A}.Release|Any CPU.Build.0 = Release|Any CPU
		{174CCBAD-BECE-46F9-8D89-F129521820E8}.Debug|Any CPU.ActiveCfg = Debug|Any CPU
		{174CCBAD-BECE-46F9-8D89-F129521820E8}.Debug|Any CPU.Build.0 = Debug|Any CPU
		{174CCBAD-BECE-46F9-8D89-F129521820E8}.Release|Any CPU.ActiveCfg = Release|Any CPU
		{174CCBAD-BECE-46F9-8D89-F129521820E8}.Release|Any CPU.Build.0 = Release|Any CPU
	EndGlobalSection
	GlobalSection(SolutionProperties) = preSolution
		HideSolutionNode = FALSE
	EndGlobalSection
	GlobalSection(ExtensibilityGlobals) = postSolution
		SolutionGuid = {AFA906E1-AB77-436B-B8A2-0D483DE27CDE}
	EndGlobalSection
EndGlobal
